// !$*UTF8*$!
{
	archiveVersion = 1;
	classes = {
	};
	objectVersion = 56;
	objects = {

/* Begin PBXBuildFile section */
		418895AD2B70302700735ABF /* JournalApp.swift in Sources */ = {isa = PBXBuildFile; fileRef = 418895AC2B70302700735ABF /* JournalApp.swift */; };
		418895AF2B70302700735ABF /* ContentView.swift in Sources */ = {isa = PBXBuildFile; fileRef = 418895AE2B70302700735ABF /* ContentView.swift */; };
		418895B12B70302A00735ABF /* Assets.xcassets in Resources */ = {isa = PBXBuildFile; fileRef = 418895B02B70302A00735ABF /* Assets.xcassets */; };
		418895B52B70302A00735ABF /* Preview Assets.xcassets in Resources */ = {isa = PBXBuildFile; fileRef = 418895B42B70302A00735ABF /* Preview Assets.xcassets */; };
		418895BD2B70315400735ABF /* Main.xcdatamodeld in Sources */ = {isa = PBXBuildFile; fileRef = 418895BB2B70315400735ABF /* Main.xcdatamodeld */; };
		418895BF2B705CBB00735ABF /* DataController.swift in Sources */ = {isa = PBXBuildFile; fileRef = 418895BE2B705CBB00735ABF /* DataController.swift */; };
		418895C22B7078A700735ABF /* SidebarView.swift in Sources */ = {isa = PBXBuildFile; fileRef = 418895C12B7078A700735ABF /* SidebarView.swift */; };
		418895C42B7078B500735ABF /* DetailView.swift in Sources */ = {isa = PBXBuildFile; fileRef = 418895C32B7078B500735ABF /* DetailView.swift */; };
		418895C62B707AEB00735ABF /* Filter.swift in Sources */ = {isa = PBXBuildFile; fileRef = 418895C52B707AEB00735ABF /* Filter.swift */; };
		418895C82B71839C00735ABF /* Issue-CoreDataHelpers.swift in Sources */ = {isa = PBXBuildFile; fileRef = 418895C72B71839C00735ABF /* Issue-CoreDataHelpers.swift */; };
		418895CA2B718DC300735ABF /* Tag-CoreDataHelpers.swift in Sources */ = {isa = PBXBuildFile; fileRef = 418895C92B718DC300735ABF /* Tag-CoreDataHelpers.swift */; };
		418895CC2B719E2600735ABF /* IssueRow.swift in Sources */ = {isa = PBXBuildFile; fileRef = 418895CB2B719E2600735ABF /* IssueRow.swift */; };
		418895CE2B71AFF200735ABF /* IssueView.swift in Sources */ = {isa = PBXBuildFile; fileRef = 418895CD2B71AFF200735ABF /* IssueView.swift */; };
		418895D02B71AFFB00735ABF /* NoIssueView.swift in Sources */ = {isa = PBXBuildFile; fileRef = 418895CF2B71AFFB00735ABF /* NoIssueView.swift */; };
		41D3CA172B76CE780040F762 /* Awards.json in Resources */ = {isa = PBXBuildFile; fileRef = 41D3CA162B76CE780040F762 /* Awards.json */; };
		41D3CA192B76CE840040F762 /* Colors.xcassets in Resources */ = {isa = PBXBuildFile; fileRef = 41D3CA182B76CE840040F762 /* Colors.xcassets */; };
		41D3CA1D2B76CF090040F762 /* Bundle-Decodable.swift in Sources */ = {isa = PBXBuildFile; fileRef = 41D3CA1C2B76CF090040F762 /* Bundle-Decodable.swift */; };
		41D3CA1F2B76D9950040F762 /* Award.swift in Sources */ = {isa = PBXBuildFile; fileRef = 41D3CA1E2B76D9950040F762 /* Award.swift */; };
		41D3CA212B76DBCB0040F762 /* AwardsView.swift in Sources */ = {isa = PBXBuildFile; fileRef = 41D3CA202B76DBCB0040F762 /* AwardsView.swift */; };
/* End PBXBuildFile section */

/* Begin PBXFileReference section */
		418895A92B70302700735ABF /* Journal.app */ = {isa = PBXFileReference; explicitFileType = wrapper.application; includeInIndex = 0; path = Journal.app; sourceTree = BUILT_PRODUCTS_DIR; };
		418895AC2B70302700735ABF /* JournalApp.swift */ = {isa = PBXFileReference; lastKnownFileType = sourcecode.swift; path = JournalApp.swift; sourceTree = "<group>"; };
		418895AE2B70302700735ABF /* ContentView.swift */ = {isa = PBXFileReference; lastKnownFileType = sourcecode.swift; path = ContentView.swift; sourceTree = "<group>"; };
		418895B02B70302A00735ABF /* Assets.xcassets */ = {isa = PBXFileReference; lastKnownFileType = folder.assetcatalog; path = Assets.xcassets; sourceTree = "<group>"; };
		418895B22B70302A00735ABF /* Journal.entitlements */ = {isa = PBXFileReference; lastKnownFileType = text.plist.entitlements; path = Journal.entitlements; sourceTree = "<group>"; };
		418895B42B70302A00735ABF /* Preview Assets.xcassets */ = {isa = PBXFileReference; lastKnownFileType = folder.assetcatalog; path = "Preview Assets.xcassets"; sourceTree = "<group>"; };
		418895BC2B70315400735ABF /* Main.xcdatamodel */ = {isa = PBXFileReference; lastKnownFileType = wrapper.xcdatamodel; path = Main.xcdatamodel; sourceTree = "<group>"; };
		418895BE2B705CBB00735ABF /* DataController.swift */ = {isa = PBXFileReference; lastKnownFileType = sourcecode.swift; path = DataController.swift; sourceTree = "<group>"; };
		418895C02B70767F00735ABF /* Info.plist */ = {isa = PBXFileReference; lastKnownFileType = text.plist; path = Info.plist; sourceTree = "<group>"; };
		418895C12B7078A700735ABF /* SidebarView.swift */ = {isa = PBXFileReference; lastKnownFileType = sourcecode.swift; path = SidebarView.swift; sourceTree = "<group>"; };
		418895C32B7078B500735ABF /* DetailView.swift */ = {isa = PBXFileReference; lastKnownFileType = sourcecode.swift; path = DetailView.swift; sourceTree = "<group>"; };
		418895C52B707AEB00735ABF /* Filter.swift */ = {isa = PBXFileReference; lastKnownFileType = sourcecode.swift; path = Filter.swift; sourceTree = "<group>"; };
		418895C72B71839C00735ABF /* Issue-CoreDataHelpers.swift */ = {isa = PBXFileReference; lastKnownFileType = sourcecode.swift; path = "Issue-CoreDataHelpers.swift"; sourceTree = "<group>"; };
		418895C92B718DC300735ABF /* Tag-CoreDataHelpers.swift */ = {isa = PBXFileReference; lastKnownFileType = sourcecode.swift; path = "Tag-CoreDataHelpers.swift"; sourceTree = "<group>"; };
		418895CB2B719E2600735ABF /* IssueRow.swift */ = {isa = PBXFileReference; lastKnownFileType = sourcecode.swift; path = IssueRow.swift; sourceTree = "<group>"; };
		418895CD2B71AFF200735ABF /* IssueView.swift */ = {isa = PBXFileReference; lastKnownFileType = sourcecode.swift; path = IssueView.swift; sourceTree = "<group>"; };
		418895CF2B71AFFB00735ABF /* NoIssueView.swift */ = {isa = PBXFileReference; lastKnownFileType = sourcecode.swift; path = NoIssueView.swift; sourceTree = "<group>"; };
		41D3CA162B76CE780040F762 /* Awards.json */ = {isa = PBXFileReference; fileEncoding = 4; lastKnownFileType = text.json; path = Awards.json; sourceTree = "<group>"; };
		41D3CA182B76CE840040F762 /* Colors.xcassets */ = {isa = PBXFileReference; lastKnownFileType = folder.assetcatalog; path = Colors.xcassets; sourceTree = "<group>"; };
		41D3CA1C2B76CF090040F762 /* Bundle-Decodable.swift */ = {isa = PBXFileReference; lastKnownFileType = sourcecode.swift; path = "Bundle-Decodable.swift"; sourceTree = "<group>"; };
		41D3CA1E2B76D9950040F762 /* Award.swift */ = {isa = PBXFileReference; lastKnownFileType = sourcecode.swift; path = Award.swift; sourceTree = "<group>"; };
		41D3CA202B76DBCB0040F762 /* AwardsView.swift */ = {isa = PBXFileReference; lastKnownFileType = sourcecode.swift; path = AwardsView.swift; sourceTree = "<group>"; };
/* End PBXFileReference section */

/* Begin PBXFrameworksBuildPhase section */
		418895A62B70302700735ABF /* Frameworks */ = {
			isa = PBXFrameworksBuildPhase;
			buildActionMask = 2147483647;
			files = (
			);
			runOnlyForDeploymentPostprocessing = 0;
		};
/* End PBXFrameworksBuildPhase section */

/* Begin PBXGroup section */
		418895A02B70302700735ABF = {
			isa = PBXGroup;
			children = (
				418895AB2B70302700735ABF /* Journal */,
				418895AA2B70302700735ABF /* Products */,
			);
			sourceTree = "<group>";
		};
		418895AA2B70302700735ABF /* Products */ = {
			isa = PBXGroup;
			children = (
				418895A92B70302700735ABF /* Journal.app */,
			);
			name = Products;
			sourceTree = "<group>";
		};
		418895AB2B70302700735ABF /* Journal */ = {
			isa = PBXGroup;
			children = (
				418895C02B70767F00735ABF /* Info.plist */,
				418895AC2B70302700735ABF /* JournalApp.swift */,
				418895BE2B705CBB00735ABF /* DataController.swift */,
				418895C72B71839C00735ABF /* Issue-CoreDataHelpers.swift */,
				418895C92B718DC300735ABF /* Tag-CoreDataHelpers.swift */,
				418895C12B7078A700735ABF /* SidebarView.swift */,
				41D3CA202B76DBCB0040F762 /* AwardsView.swift */,
				41D3CA1C2B76CF090040F762 /* Bundle-Decodable.swift */,
				41D3CA1E2B76D9950040F762 /* Award.swift */,
				418895AE2B70302700735ABF /* ContentView.swift */,
				418895CB2B719E2600735ABF /* IssueRow.swift */,
				418895C32B7078B500735ABF /* DetailView.swift */,
				418895CD2B71AFF200735ABF /* IssueView.swift */,
				418895CF2B71AFFB00735ABF /* NoIssueView.swift */,
				418895C52B707AEB00735ABF /* Filter.swift */,
				41D3CA162B76CE780040F762 /* Awards.json */,
				41D3CA182B76CE840040F762 /* Colors.xcassets */,
				418895BB2B70315400735ABF /* Main.xcdatamodeld */,
				418895B02B70302A00735ABF /* Assets.xcassets */,
				418895B22B70302A00735ABF /* Journal.entitlements */,
				418895B32B70302A00735ABF /* Preview Content */,
			);
			path = Journal;
			sourceTree = "<group>";
		};
		418895B32B70302A00735ABF /* Preview Content */ = {
			isa = PBXGroup;
			children = (
				418895B42B70302A00735ABF /* Preview Assets.xcassets */,
			);
			path = "Preview Content";
			sourceTree = "<group>";
		};
/* End PBXGroup section */

/* Begin PBXNativeTarget section */
		418895A82B70302700735ABF /* Journal */ = {
			isa = PBXNativeTarget;
			buildConfigurationList = 418895B82B70302A00735ABF /* Build configuration list for PBXNativeTarget "Journal" */;
			buildPhases = (
				418895A52B70302700735ABF /* Sources */,
				418895A62B70302700735ABF /* Frameworks */,
				418895A72B70302700735ABF /* Resources */,
			);
			buildRules = (
			);
			dependencies = (
			);
			name = Journal;
			productName = Journal;
			productReference = 418895A92B70302700735ABF /* Journal.app */;
			productType = "com.apple.product-type.application";
		};
/* End PBXNativeTarget section */

/* Begin PBXProject section */
		418895A12B70302700735ABF /* Project object */ = {
			isa = PBXProject;
			attributes = {
				BuildIndependentTargetsInParallel = 1;
				LastSwiftUpdateCheck = 1520;
				LastUpgradeCheck = 1520;
				TargetAttributes = {
					418895A82B70302700735ABF = {
						CreatedOnToolsVersion = 15.2;
					};
				};
			};
			buildConfigurationList = 418895A42B70302700735ABF /* Build configuration list for PBXProject "Journal" */;
			compatibilityVersion = "Xcode 14.0";
			developmentRegion = en;
			hasScannedForEncodings = 0;
			knownRegions = (
				en,
				Base,
			);
			mainGroup = 418895A02B70302700735ABF;
			productRefGroup = 418895AA2B70302700735ABF /* Products */;
			projectDirPath = "";
			projectRoot = "";
			targets = (
				418895A82B70302700735ABF /* Journal */,
			);
		};
/* End PBXProject section */

/* Begin PBXResourcesBuildPhase section */
		418895A72B70302700735ABF /* Resources */ = {
			isa = PBXResourcesBuildPhase;
			buildActionMask = 2147483647;
			files = (
				418895B52B70302A00735ABF /* Preview Assets.xcassets in Resources */,
				41D3CA192B76CE840040F762 /* Colors.xcassets in Resources */,
				41D3CA172B76CE780040F762 /* Awards.json in Resources */,
				418895B12B70302A00735ABF /* Assets.xcassets in Resources */,
			);
			runOnlyForDeploymentPostprocessing = 0;
		};
/* End PBXResourcesBuildPhase section */

/* Begin PBXSourcesBuildPhase section */
		418895A52B70302700735ABF /* Sources */ = {
			isa = PBXSourcesBuildPhase;
			buildActionMask = 2147483647;
			files = (
				418895C62B707AEB00735ABF /* Filter.swift in Sources */,
				41D3CA1F2B76D9950040F762 /* Award.swift in Sources */,
				41D3CA212B76DBCB0040F762 /* AwardsView.swift in Sources */,
				418895CA2B718DC300735ABF /* Tag-CoreDataHelpers.swift in Sources */,
				418895BD2B70315400735ABF /* Main.xcdatamodeld in Sources */,
				418895C82B71839C00735ABF /* Issue-CoreDataHelpers.swift in Sources */,
				41D3CA1D2B76CF090040F762 /* Bundle-Decodable.swift in Sources */,
				418895C42B7078B500735ABF /* DetailView.swift in Sources */,
				418895BF2B705CBB00735ABF /* DataController.swift in Sources */,
				418895C22B7078A700735ABF /* SidebarView.swift in Sources */,
				418895AF2B70302700735ABF /* ContentView.swift in Sources */,
				418895CE2B71AFF200735ABF /* IssueView.swift in Sources */,
				418895D02B71AFFB00735ABF /* NoIssueView.swift in Sources */,
				418895CC2B719E2600735ABF /* IssueRow.swift in Sources */,
				418895AD2B70302700735ABF /* JournalApp.swift in Sources */,
			);
			runOnlyForDeploymentPostprocessing = 0;
		};
/* End PBXSourcesBuildPhase section */

/* Begin XCBuildConfiguration section */
		418895B62B70302A00735ABF /* Debug */ = {
			isa = XCBuildConfiguration;
			buildSettings = {
				ALWAYS_SEARCH_USER_PATHS = NO;
				ASSETCATALOG_COMPILER_GENERATE_SWIFT_ASSET_SYMBOL_EXTENSIONS = YES;
				CLANG_ANALYZER_NONNULL = YES;
				CLANG_ANALYZER_NUMBER_OBJECT_CONVERSION = YES_AGGRESSIVE;
				CLANG_CXX_LANGUAGE_STANDARD = "gnu++20";
				CLANG_ENABLE_MODULES = YES;
				CLANG_ENABLE_OBJC_ARC = YES;
				CLANG_ENABLE_OBJC_WEAK = YES;
				CLANG_WARN_BLOCK_CAPTURE_AUTORELEASING = YES;
				CLANG_WARN_BOOL_CONVERSION = YES;
				CLANG_WARN_COMMA = YES;
				CLANG_WARN_CONSTANT_CONVERSION = YES;
				CLANG_WARN_DEPRECATED_OBJC_IMPLEMENTATIONS = YES;
				CLANG_WARN_DIRECT_OBJC_ISA_USAGE = YES_ERROR;
				CLANG_WARN_DOCUMENTATION_COMMENTS = YES;
				CLANG_WARN_EMPTY_BODY = YES;
				CLANG_WARN_ENUM_CONVERSION = YES;
				CLANG_WARN_INFINITE_RECURSION = YES;
				CLANG_WARN_INT_CONVERSION = YES;
				CLANG_WARN_NON_LITERAL_NULL_CONVERSION = YES;
				CLANG_WARN_OBJC_IMPLICIT_RETAIN_SELF = YES;
				CLANG_WARN_OBJC_LITERAL_CONVERSION = YES;
				CLANG_WARN_OBJC_ROOT_CLASS = YES_ERROR;
				CLANG_WARN_QUOTED_INCLUDE_IN_FRAMEWORK_HEADER = YES;
				CLANG_WARN_RANGE_LOOP_ANALYSIS = YES;
				CLANG_WARN_STRICT_PROTOTYPES = YES;
				CLANG_WARN_SUSPICIOUS_MOVE = YES;
				CLANG_WARN_UNGUARDED_AVAILABILITY = YES_AGGRESSIVE;
				CLANG_WARN_UNREACHABLE_CODE = YES;
				CLANG_WARN__DUPLICATE_METHOD_MATCH = YES;
				COPY_PHASE_STRIP = NO;
				DEBUG_INFORMATION_FORMAT = dwarf;
				ENABLE_STRICT_OBJC_MSGSEND = YES;
				ENABLE_TESTABILITY = YES;
				ENABLE_USER_SCRIPT_SANDBOXING = YES;
				GCC_C_LANGUAGE_STANDARD = gnu17;
				GCC_DYNAMIC_NO_PIC = NO;
				GCC_NO_COMMON_BLOCKS = YES;
				GCC_OPTIMIZATION_LEVEL = 0;
				GCC_PREPROCESSOR_DEFINITIONS = (
					"DEBUG=1",
					"$(inherited)",
				);
				GCC_WARN_64_TO_32_BIT_CONVERSION = YES;
				GCC_WARN_ABOUT_RETURN_TYPE = YES_ERROR;
				GCC_WARN_UNDECLARED_SELECTOR = YES;
				GCC_WARN_UNINITIALIZED_AUTOS = YES_AGGRESSIVE;
				GCC_WARN_UNUSED_FUNCTION = YES;
				GCC_WARN_UNUSED_VARIABLE = YES;
				LOCALIZATION_PREFERS_STRING_CATALOGS = YES;
				MTL_ENABLE_DEBUG_INFO = INCLUDE_SOURCE;
				MTL_FAST_MATH = YES;
				ONLY_ACTIVE_ARCH = YES;
				SWIFT_ACTIVE_COMPILATION_CONDITIONS = "DEBUG $(inherited)";
				SWIFT_OPTIMIZATION_LEVEL = "-Onone";
			};
			name = Debug;
		};
		418895B72B70302A00735ABF /* Release */ = {
			isa = XCBuildConfiguration;
			buildSettings = {
				ALWAYS_SEARCH_USER_PATHS = NO;
				ASSETCATALOG_COMPILER_GENERATE_SWIFT_ASSET_SYMBOL_EXTENSIONS = YES;
				CLANG_ANALYZER_NONNULL = YES;
				CLANG_ANALYZER_NUMBER_OBJECT_CONVERSION = YES_AGGRESSIVE;
				CLANG_CXX_LANGUAGE_STANDARD = "gnu++20";
				CLANG_ENABLE_MODULES = YES;
				CLANG_ENABLE_OBJC_ARC = YES;
				CLANG_ENABLE_OBJC_WEAK = YES;
				CLANG_WARN_BLOCK_CAPTURE_AUTORELEASING = YES;
				CLANG_WARN_BOOL_CONVERSION = YES;
				CLANG_WARN_COMMA = YES;
				CLANG_WARN_CONSTANT_CONVERSION = YES;
				CLANG_WARN_DEPRECATED_OBJC_IMPLEMENTATIONS = YES;
				CLANG_WARN_DIRECT_OBJC_ISA_USAGE = YES_ERROR;
				CLANG_WARN_DOCUMENTATION_COMMENTS = YES;
				CLANG_WARN_EMPTY_BODY = YES;
				CLANG_WARN_ENUM_CONVERSION = YES;
				CLANG_WARN_INFINITE_RECURSION = YES;
				CLANG_WARN_INT_CONVERSION = YES;
				CLANG_WARN_NON_LITERAL_NULL_CONVERSION = YES;
				CLANG_WARN_OBJC_IMPLICIT_RETAIN_SELF = YES;
				CLANG_WARN_OBJC_LITERAL_CONVERSION = YES;
				CLANG_WARN_OBJC_ROOT_CLASS = YES_ERROR;
				CLANG_WARN_QUOTED_INCLUDE_IN_FRAMEWORK_HEADER = YES;
				CLANG_WARN_RANGE_LOOP_ANALYSIS = YES;
				CLANG_WARN_STRICT_PROTOTYPES = YES;
				CLANG_WARN_SUSPICIOUS_MOVE = YES;
				CLANG_WARN_UNGUARDED_AVAILABILITY = YES_AGGRESSIVE;
				CLANG_WARN_UNREACHABLE_CODE = YES;
				CLANG_WARN__DUPLICATE_METHOD_MATCH = YES;
				COPY_PHASE_STRIP = NO;
				DEBUG_INFORMATION_FORMAT = "dwarf-with-dsym";
				ENABLE_NS_ASSERTIONS = NO;
				ENABLE_STRICT_OBJC_MSGSEND = YES;
				ENABLE_USER_SCRIPT_SANDBOXING = YES;
				GCC_C_LANGUAGE_STANDARD = gnu17;
				GCC_NO_COMMON_BLOCKS = YES;
				GCC_WARN_64_TO_32_BIT_CONVERSION = YES;
				GCC_WARN_ABOUT_RETURN_TYPE = YES_ERROR;
				GCC_WARN_UNDECLARED_SELECTOR = YES;
				GCC_WARN_UNINITIALIZED_AUTOS = YES_AGGRESSIVE;
				GCC_WARN_UNUSED_FUNCTION = YES;
				GCC_WARN_UNUSED_VARIABLE = YES;
				LOCALIZATION_PREFERS_STRING_CATALOGS = YES;
				MTL_ENABLE_DEBUG_INFO = NO;
				MTL_FAST_MATH = YES;
				SWIFT_COMPILATION_MODE = wholemodule;
			};
			name = Release;
		};
		418895B92B70302A00735ABF /* Debug */ = {
			isa = XCBuildConfiguration;
			buildSettings = {
				ASSETCATALOG_COMPILER_APPICON_NAME = AppIcon;
				ASSETCATALOG_COMPILER_GLOBAL_ACCENT_COLOR_NAME = AccentColor;
				CODE_SIGN_ENTITLEMENTS = Journal/Journal.entitlements;
				CODE_SIGN_STYLE = Automatic;
				CURRENT_PROJECT_VERSION = 1;
				DEVELOPMENT_ASSET_PATHS = "\"Journal/Preview Content\"";
				DEVELOPMENT_TEAM = CWCBRR328H;
				ENABLE_HARDENED_RUNTIME = YES;
				ENABLE_PREVIEWS = YES;
				GENERATE_INFOPLIST_FILE = YES;
				INFOPLIST_FILE = Journal/Info.plist;
				"INFOPLIST_KEY_UIApplicationSceneManifest_Generation[sdk=iphoneos*]" = YES;
				"INFOPLIST_KEY_UIApplicationSceneManifest_Generation[sdk=iphonesimulator*]" = YES;
				"INFOPLIST_KEY_UIApplicationSupportsIndirectInputEvents[sdk=iphoneos*]" = YES;
				"INFOPLIST_KEY_UIApplicationSupportsIndirectInputEvents[sdk=iphonesimulator*]" = YES;
				"INFOPLIST_KEY_UILaunchScreen_Generation[sdk=iphoneos*]" = YES;
				"INFOPLIST_KEY_UILaunchScreen_Generation[sdk=iphonesimulator*]" = YES;
				"INFOPLIST_KEY_UIStatusBarStyle[sdk=iphoneos*]" = UIStatusBarStyleDefault;
				"INFOPLIST_KEY_UIStatusBarStyle[sdk=iphonesimulator*]" = UIStatusBarStyleDefault;
				INFOPLIST_KEY_UISupportedInterfaceOrientations_iPad = "UIInterfaceOrientationPortrait UIInterfaceOrientationPortraitUpsideDown UIInterfaceOrientationLandscapeLeft UIInterfaceOrientationLandscapeRight";
				INFOPLIST_KEY_UISupportedInterfaceOrientations_iPhone = "UIInterfaceOrientationPortrait UIInterfaceOrientationLandscapeLeft UIInterfaceOrientationLandscapeRight";
				IPHONEOS_DEPLOYMENT_TARGET = 17.2;
				LD_RUNPATH_SEARCH_PATHS = "@executable_path/Frameworks";
				"LD_RUNPATH_SEARCH_PATHS[sdk=macosx*]" = "@executable_path/../Frameworks";
				MACOSX_DEPLOYMENT_TARGET = 14.2;
				MARKETING_VERSION = 1.0;
				PRODUCT_BUNDLE_IDENTIFIER = BJ914.Journal;
				PRODUCT_NAME = "$(TARGET_NAME)";
				SDKROOT = auto;
				SUPPORTED_PLATFORMS = "iphoneos iphonesimulator macosx";
				SWIFT_EMIT_LOC_STRINGS = YES;
				SWIFT_VERSION = 5.0;
				TARGETED_DEVICE_FAMILY = "1,2";
			};
			name = Debug;
		};
		418895BA2B70302A00735ABF /* Release */ = {
			isa = XCBuildConfiguration;
			buildSettings = {
				ASSETCATALOG_COMPILER_APPICON_NAME = AppIcon;
				ASSETCATALOG_COMPILER_GLOBAL_ACCENT_COLOR_NAME = AccentColor;
				CODE_SIGN_ENTITLEMENTS = Journal/Journal.entitlements;
				CODE_SIGN_STYLE = Automatic;
				CURRENT_PROJECT_VERSION = 1;
				DEVELOPMENT_ASSET_PATHS = "\"Journal/Preview Content\"";
				DEVELOPMENT_TEAM = CWCBRR328H;
				ENABLE_HARDENED_RUNTIME = YES;
				ENABLE_PREVIEWS = YES;
				GENERATE_INFOPLIST_FILE = YES;
				INFOPLIST_FILE = Journal/Info.plist;
				"INFOPLIST_KEY_UIApplicationSceneManifest_Generation[sdk=iphoneos*]" = YES;
				"INFOPLIST_KEY_UIApplicationSceneManifest_Generation[sdk=iphonesimulator*]" = YES;
				"INFOPLIST_KEY_UIApplicationSupportsIndirectInputEvents[sdk=iphoneos*]" = YES;
				"INFOPLIST_KEY_UIApplicationSupportsIndirectInputEvents[sdk=iphonesimulator*]" = YES;
				"INFOPLIST_KEY_UILaunchScreen_Generation[sdk=iphoneos*]" = YES;
				"INFOPLIST_KEY_UILaunchScreen_Generation[sdk=iphonesimulator*]" = YES;
				"INFOPLIST_KEY_UIStatusBarStyle[sdk=iphoneos*]" = UIStatusBarStyleDefault;
				"INFOPLIST_KEY_UIStatusBarStyle[sdk=iphonesimulator*]" = UIStatusBarStyleDefault;
				INFOPLIST_KEY_UISupportedInterfaceOrientations_iPad = "UIInterfaceOrientationPortrait UIInterfaceOrientationPortraitUpsideDown UIInterfaceOrientationLandscapeLeft UIInterfaceOrientationLandscapeRight";
				INFOPLIST_KEY_UISupportedInterfaceOrientations_iPhone = "UIInterfaceOrientationPortrait UIInterfaceOrientationLandscapeLeft UIInterfaceOrientationLandscapeRight";
				IPHONEOS_DEPLOYMENT_TARGET = 17.2;
				LD_RUNPATH_SEARCH_PATHS = "@executable_path/Frameworks";
				"LD_RUNPATH_SEARCH_PATHS[sdk=macosx*]" = "@executable_path/../Frameworks";
				MACOSX_DEPLOYMENT_TARGET = 14.2;
				MARKETING_VERSION = 1.0;
				PRODUCT_BUNDLE_IDENTIFIER = BJ914.Journal;
				PRODUCT_NAME = "$(TARGET_NAME)";
				SDKROOT = auto;
				SUPPORTED_PLATFORMS = "iphoneos iphonesimulator macosx";
				SWIFT_EMIT_LOC_STRINGS = YES;
				SWIFT_VERSION = 5.0;
				TARGETED_DEVICE_FAMILY = "1,2";
			};
			name = Release;
		};
/* End XCBuildConfiguration section */

/* Begin XCConfigurationList section */
		418895A42B70302700735ABF /* Build configuration list for PBXProject "Journal" */ = {
			isa = XCConfigurationList;
			buildConfigurations = (
				418895B62B70302A00735ABF /* Debug */,
				418895B72B70302A00735ABF /* Release */,
			);
			defaultConfigurationIsVisible = 0;
			defaultConfigurationName = Release;
		};
		418895B82B70302A00735ABF /* Build configuration list for PBXNativeTarget "Journal" */ = {
			isa = XCConfigurationList;
			buildConfigurations = (
				418895B92B70302A00735ABF /* Debug */,
				418895BA2B70302A00735ABF /* Release */,
			);
			defaultConfigurationIsVisible = 0;
			defaultConfigurationName = Release;
		};
/* End XCConfigurationList section */

/* Begin XCVersionGroup section */
		418895BB2B70315400735ABF /* Main.xcdatamodeld */ = {
			isa = XCVersionGroup;
			children = (
				418895BC2B70315400735ABF /* Main.xcdatamodel */,
			);
			currentVersion = 418895BC2B70315400735ABF /* Main.xcdatamodel */;
			path = Main.xcdatamodeld;
			sourceTree = "<group>";
			versionGroupType = wrapper.xcdatamodel;
		};
/* End XCVersionGroup section */
	};
	rootObject = 418895A12B70302700735ABF /* Project object */;
}
